
Microsoft Visual Studio Solution File, Format Version 12.00
# Visual Studio Version 16
VisualStudioVersion = 16.0.29306.81
MinimumVisualStudioVersion = 10.0.40219.1
Project("{9A19103F-16F7-4668-BE54-9A1E7A4F7556}") = "Abstract-Factory", "Abstract-Factory\Abstract-Factory.csproj", "{FD8D2D80-B97E-4CFD-AA84-3DA85ADB8C05}"
EndProject
Project("{9A19103F-16F7-4668-BE54-9A1E7A4F7556}") = "Observer-Pattern", "Observer-Pattern\Observer-Pattern.csproj", "{1D34D87D-4BBB-4C25-ACBF-499FC629CC56}"
EndProject
Project("{9A19103F-16F7-4668-BE54-9A1E7A4F7556}") = "Chain-Of-Responsibility", "Chain-Of-Responsibility\Chain-Of-Responsibility.csproj", "{1FAB5F21-8777-4B2B-B36B-B1587CDFDEA9}"
EndProject
Project("{FAE04EC0-301F-11D3-BF4B-00C04F79EFBC}") = "Fluent-Builder", "Fluent-Builder\Fluent-Builder.csproj", "{D7624B3B-1E7B-43E5-B74E-A714CD63B52C}"
EndProject
Global
	GlobalSection(SolutionConfigurationPlatforms) = preSolution
		Debug|Any CPU = Debug|Any CPU
		Release|Any CPU = Release|Any CPU
	EndGlobalSection
	GlobalSection(ProjectConfigurationPlatforms) = postSolution
		{FD8D2D80-B97E-4CFD-AA84-3DA85ADB8C05}.Debug|Any CPU.ActiveCfg = Debug|Any CPU
		{FD8D2D80-B97E-4CFD-AA84-3DA85ADB8C05}.Debug|Any CPU.Build.0 = Debug|Any CPU
		{FD8D2D80-B97E-4CFD-AA84-3DA85ADB8C05}.Release|Any CPU.ActiveCfg = Release|Any CPU
		{FD8D2D80-B97E-4CFD-AA84-3DA85ADB8C05}.Release|Any CPU.Build.0 = Release|Any CPU
		{1D34D87D-4BBB-4C25-ACBF-499FC629CC56}.Debug|Any CPU.ActiveCfg = Debug|Any CPU
		{1D34D87D-4BBB-4C25-ACBF-499FC629CC56}.Debug|Any CPU.Build.0 = Debug|Any CPU
		{1D34D87D-4BBB-4C25-ACBF-499FC629CC56}.Release|Any CPU.ActiveCfg = Release|Any CPU
		{1D34D87D-4BBB-4C25-ACBF-499FC629CC56}.Release|Any CPU.Build.0 = Release|Any CPU
		{1FAB5F21-8777-4B2B-B36B-B1587CDFDEA9}.Debug|Any CPU.ActiveCfg = Debug|Any CPU
		{1FAB5F21-8777-4B2B-B36B-B1587CDFDEA9}.Debug|Any CPU.Build.0 = Debug|Any CPU
		{1FAB5F21-8777-4B2B-B36B-B1587CDFDEA9}.Release|Any CPU.ActiveCfg = Release|Any CPU
		{1FAB5F21-8777-4B2B-B36B-B1587CDFDEA9}.Release|Any CPU.Build.0 = Release|Any CPU
		{D7624B3B-1E7B-43E5-B74E-A714CD63B52C}.Debug|Any CPU.ActiveCfg = Debug|Any CPU
		{D7624B3B-1E7B-43E5-B74E-A714CD63B52C}.Debug|Any CPU.Build.0 = Debug|Any CPU
		{D7624B3B-1E7B-43E5-B74E-A714CD63B52C}.Release|Any CPU.ActiveCfg = Release|Any CPU
		{D7624B3B-1E7B-43E5-B74E-A714CD63B52C}.Release|Any CPU.Build.0 = Release|Any CPU
	EndGlobalSection
	GlobalSection(SolutionProperties) = preSolution
		HideSolutionNode = FALSE
	EndGlobalSection
	GlobalSection(ExtensibilityGlobals) = postSolution
		SolutionGuid = {CB67BCBE-31DF-4C2B-BE0F-4B0EB73FE5F3}
	EndGlobalSection
EndGlobal
