
Microsoft Visual Studio Solution File, Format Version 12.00
# Visual Studio Version 16
VisualStudioVersion = 16.0.29306.81
MinimumVisualStudioVersion = 10.0.40219.1
Project("{FAE04EC0-301F-11D3-BF4B-00C04F79EFBC}") = "Abstract-Factory", "Abstract-Factory\Abstract-Factory.csproj", "{FD8D2D80-B97E-4CFD-AA84-3DA85ADB8C05}"
EndProject
Global
	GlobalSection(SolutionConfigurationPlatforms) = preSolution
		Debug|Any CPU = Debug|Any CPU
		Release|Any CPU = Release|Any CPU
	EndGlobalSection
	GlobalSection(ProjectConfigurationPlatforms) = postSolution
		{FD8D2D80-B97E-4CFD-AA84-3DA85ADB8C05}.Debug|Any CPU.ActiveCfg = Debug|Any CPU
		{FD8D2D80-B97E-4CFD-AA84-3DA85ADB8C05}.Debug|Any CPU.Build.0 = Debug|Any CPU
		{FD8D2D80-B97E-4CFD-AA84-3DA85ADB8C05}.Release|Any CPU.ActiveCfg = Release|Any CPU
		{FD8D2D80-B97E-4CFD-AA84-3DA85ADB8C05}.Release|Any CPU.Build.0 = Release|Any CPU
	EndGlobalSection
	GlobalSection(SolutionProperties) = preSolution
		HideSolutionNode = FALSE
	EndGlobalSection
	GlobalSection(ExtensibilityGlobals) = postSolution
		SolutionGuid = {CB67BCBE-31DF-4C2B-BE0F-4B0EB73FE5F3}
	EndGlobalSection
EndGlobal
